
Microsoft Visual Studio Solution File, Format Version 12.00
# Visual Studio 15
Project("{FAE04EC0-301F-11D3-BF4B-00C04F79EFBC}") = "Unity.XR.ARSubsystems", "Unity.XR.ARSubsystems.csproj", "{3D61EE85-012D-BC4F-A560-6B1AF3D963D4}"
EndProject
Project("{FAE04EC0-301F-11D3-BF4B-00C04F79EFBC}") = "UnityEngine.TestRunner", "UnityEngine.TestRunner.csproj", "{E5F78363-12FA-2D72-0CB8-851C53A7DC56}"
EndProject
Project("{FAE04EC0-301F-11D3-BF4B-00C04F79EFBC}") = "Unity.MARS", "Unity.MARS.csproj", "{D5D1BE8E-693D-88C0-0270-BDB659C2F11B}"
EndProject
Project("{FAE04EC0-301F-11D3-BF4B-00C04F79EFBC}") = "Unity.MARS.MARSHandles.Picking", "Unity.MARS.MARSHandles.Picking.csproj", "{D55749FD-7D50-8127-3987-9624A952695D}"
EndProject
Project("{FAE04EC0-301F-11D3-BF4B-00C04F79EFBC}") = "Unity.XRTools.Utils", "Unity.XRTools.Utils.csproj", "{6E307933-1C33-3E01-6F55-2F8C7B092972}"
EndProject
Project("{FAE04EC0-301F-11D3-BF4B-00C04F79EFBC}") = "UnityEngine.UI", "UnityEngine.UI.csproj", "{1416CC20-A58C-4974-2A85-AB17E86C290E}"
EndProject
Project("{FAE04EC0-301F-11D3-BF4B-00C04F79EFBC}") = "Unity.TextMeshPro", "Unity.TextMeshPro.csproj", "{EE75CD4E-321A-1B35-4C9F-357E4BA5D3DC}"
EndProject
Project("{FAE04EC0-301F-11D3-BF4B-00C04F79EFBC}") = "Unity.Timeline", "Unity.Timeline.csproj", "{396351CF-508B-D7C5-E8D9-B6829C6D6550}"
EndProject
Project("{FAE04EC0-301F-11D3-BF4B-00C04F79EFBC}") = "Unity.MARS.Providers.ARFoundation", "Unity.MARS.Providers.ARFoundation.csproj", "{250D27E3-33D8-5E6A-BA49-890CAB4B4B33}"
EndProject
Project("{FAE04EC0-301F-11D3-BF4B-00C04F79EFBC}") = "Unity.MARS.Interfaces", "Unity.MARS.Interfaces.csproj", "{B41FBFE4-2A3A-DC98-51CD-4CD5591429AF}"
EndProject
Project("{FAE04EC0-301F-11D3-BF4B-00C04F79EFBC}") = "Unity.XR.ARFoundation", "Unity.XR.ARFoundation.csproj", "{35BA6043-4715-8BDD-825E-D82BA2A367FC}"
EndProject
Project("{FAE04EC0-301F-11D3-BF4B-00C04F79EFBC}") = "Unity.XRTools.ModuleLoader.Interfaces", "Unity.XRTools.ModuleLoader.Interfaces.csproj", "{C938DAFE-7790-6E3E-915E-7EF76F3E5474}"
EndProject
Project("{FAE04EC0-301F-11D3-BF4B-00C04F79EFBC}") = "Unity.XR.ARKit", "Unity.XR.ARKit.csproj", "{29F2CD4F-AEA2-44BD-1CD9-24925E445B7B}"
EndProject
Project("{FAE04EC0-301F-11D3-BF4B-00C04F79EFBC}") = "UnityEngine.Advertisements", "UnityEngine.Advertisements.csproj", "{36BDAD49-D78A-BE80-A2BF-5251995B6B99}"
EndProject
Project("{FAE04EC0-301F-11D3-BF4B-00C04F79EFBC}") = "Unity.Analytics.DataPrivacy", "Unity.Analytics.DataPrivacy.csproj", "{63B3FB36-35AC-E952-93A3-79E8A80985FB}"
EndProject
Project("{FAE04EC0-301F-11D3-BF4B-00C04F79EFBC}") = "NavMeshComponents", "NavMeshComponents.csproj", "{169A7089-03E2-4E18-B669-A1CEC25837A0}"
EndProject
Project("{FAE04EC0-301F-11D3-BF4B-00C04F79EFBC}") = "Assembly-CSharp", "Assembly-CSharp.csproj", "{705603AC-C828-F346-D00D-2B3D5E54AC5A}"
EndProject
Project("{FAE04EC0-301F-11D3-BF4B-00C04F79EFBC}") = "Unity.MARS.MARSHandles", "Unity.MARS.MARSHandles.csproj", "{83678A30-7738-5B71-ABB7-DA2142FC705F}"
EndProject
Project("{FAE04EC0-301F-11D3-BF4B-00C04F79EFBC}") = "UnityEngine.Monetization", "UnityEngine.Monetization.csproj", "{74171FA7-5D07-0826-B0C2-C67C48570AD9}"
EndProject
Project("{FAE04EC0-301F-11D3-BF4B-00C04F79EFBC}") = "UnityEngine.XR.LegacyInputHelpers", "UnityEngine.XR.LegacyInputHelpers.csproj", "{14416683-FEE7-54EB-D8CE-2B8CB6485A01}"
EndProject
Project("{FAE04EC0-301F-11D3-BF4B-00C04F79EFBC}") = "Unity.XR.ARCore", "Unity.XR.ARCore.csproj", "{548A20CA-CF5B-8BE3-47C6-EFC2E6D092D6}"
EndProject
Project("{FAE04EC0-301F-11D3-BF4B-00C04F79EFBC}") = "Unity.XR.Management", "Unity.XR.Management.csproj", "{1B4E8EE5-916B-C09E-F2AD-212DFEEB2B55}"
EndProject
Project("{FAE04EC0-301F-11D3-BF4B-00C04F79EFBC}") = "Unity.MARS.Navmesh", "Unity.MARS.Navmesh.csproj", "{6BCB361E-BEFB-8E05-13A3-D2DC0BCE407D}"
EndProject
Project("{FAE04EC0-301F-11D3-BF4B-00C04F79EFBC}") = "Unity.XR.WindowsMR", "Unity.XR.WindowsMR.csproj", "{8F001832-DA40-B20E-61DE-82B08651DA09}"
EndProject
Project("{FAE04EC0-301F-11D3-BF4B-00C04F79EFBC}") = "Unity.Subsystem.Registration", "Unity.Subsystem.Registration.csproj", "{DDC33894-2965-37A7-72D8-47AEC9C3D8B4}"
EndProject
Project("{FAE04EC0-301F-11D3-BF4B-00C04F79EFBC}") = "UnityEngine.SpatialTracking", "UnityEngine.SpatialTracking.csproj", "{D5140BFC-9C10-D68F-7591-E67889FB22B3}"
EndProject
Project("{FAE04EC0-301F-11D3-BF4B-00C04F79EFBC}") = "Unity.XRTools.ModuleLoader", "Unity.XRTools.ModuleLoader.csproj", "{F8BED20C-88F0-6EFD-9453-184AAB7F1315}"
EndProject
Project("{FAE04EC0-301F-11D3-BF4B-00C04F79EFBC}") = "Unity.TextMeshPro.Editor", "Unity.TextMeshPro.Editor.csproj", "{482A772A-67EA-2110-A693-4E24D8CC792D}"
EndProject
Project("{FAE04EC0-301F-11D3-BF4B-00C04F79EFBC}") = "Unity.Timeline.Editor", "Unity.Timeline.Editor.csproj", "{853A8632-E7A6-7687-29DC-BB01D793917A}"
EndProject
Project("{FAE04EC0-301F-11D3-BF4B-00C04F79EFBC}") = "UnityEditor.TestRunner", "UnityEditor.TestRunner.csproj", "{E61A4AB9-8595-CCC6-0D85-669D5432AB06}"
EndProject
Project("{FAE04EC0-301F-11D3-BF4B-00C04F79EFBC}") = "Unity.2D.Sprite.Editor", "Unity.2D.Sprite.Editor.csproj", "{E9908FDD-92B2-1042-F0F2-01D85478BB2A}"
EndProject
Project("{FAE04EC0-301F-11D3-BF4B-00C04F79EFBC}") = "MARS.Editor.Bootstrap", "MARS.Editor.Bootstrap.csproj", "{2568E3A7-5D46-1449-810D-4884043CE9E7}"
EndProject
Project("{FAE04EC0-301F-11D3-BF4B-00C04F79EFBC}") = "Unity.Rider.Editor", "Unity.Rider.Editor.csproj", "{BB8B9354-9C48-9643-0511-2B19C0518FBC}"
EndProject
Project("{FAE04EC0-301F-11D3-BF4B-00C04F79EFBC}") = "UnityEditor.UI", "UnityEditor.UI.csproj", "{1CA8EF82-037A-2BA5-B997-EB4F8FBBEA04}"
EndProject
Project("{FAE04EC0-301F-11D3-BF4B-00C04F79EFBC}") = "Unity.MARS.Editor", "Unity.MARS.Editor.csproj", "{3D3D53E8-3006-637D-F4CA-9EE14F30F294}"
EndProject
Project("{FAE04EC0-301F-11D3-BF4B-00C04F79EFBC}") = "Assembly-CSharp-Editor", "Assembly-CSharp-Editor.csproj", "{1894C997-3C4E-9296-0E4B-3581562ADF56}"
EndProject
Project("{FAE04EC0-301F-11D3-BF4B-00C04F79EFBC}") = "NavMeshComponentsEditor", "NavMeshComponentsEditor.csproj", "{CA6D2CF3-E67C-E0B8-C609-B2B55116B595}"
EndProject
Project("{FAE04EC0-301F-11D3-BF4B-00C04F79EFBC}") = "Unity.2D.Tilemap.Editor", "Unity.2D.Tilemap.Editor.csproj", "{F592075E-59FB-64FD-BD45-529CC2C73372}"
EndProject
Project("{FAE04EC0-301F-11D3-BF4B-00C04F79EFBC}") = "Unity.XR.ARSubsystems.Editor", "Unity.XR.ARSubsystems.Editor.csproj", "{23907B7F-5AEE-8641-C505-E63D041D7583}"
EndProject
Project("{FAE04EC0-301F-11D3-BF4B-00C04F79EFBC}") = "UnityEditor.XR.LegacyInputHelpers", "UnityEditor.XR.LegacyInputHelpers.csproj", "{DFF6A7CE-8BAF-ABA1-92B5-DF17640F8DF1}"
EndProject
Project("{FAE04EC0-301F-11D3-BF4B-00C04F79EFBC}") = "Unity.XR.ARKit.Editor", "Unity.XR.ARKit.Editor.csproj", "{95435317-7D13-4BF6-10FC-2A930D9E1583}"
EndProject
Project("{FAE04EC0-301F-11D3-BF4B-00C04F79EFBC}") = "Unity.XR.Management.Editor", "Unity.XR.Management.Editor.csproj", "{C9481BE9-9A4A-BC20-78A1-561CB494BBF7}"
EndProject
Project("{FAE04EC0-301F-11D3-BF4B-00C04F79EFBC}") = "Unity.CollabProxy.Editor", "Unity.CollabProxy.Editor.csproj", "{5B38BCDA-109D-1A8C-AC58-41DF808A21A9}"
EndProject
Project("{FAE04EC0-301F-11D3-BF4B-00C04F79EFBC}") = "Unity.XRTools.Utils.Editor", "Unity.XRTools.Utils.Editor.csproj", "{EFA3504A-4FA7-1C2F-29C2-72F54DC480D6}"
EndProject
Project("{FAE04EC0-301F-11D3-BF4B-00C04F79EFBC}") = "Unity.MARS.Providers.ARFoundation.Editor", "Unity.MARS.Providers.ARFoundation.Editor.csproj", "{7CA36791-0D6C-20F2-0C1A-EA974C2641EE}"
EndProject
Project("{FAE04EC0-301F-11D3-BF4B-00C04F79EFBC}") = "Unity.MARS.HandlesEditor", "Unity.MARS.HandlesEditor.csproj", "{9E2E555B-9706-1448-DC47-79DA1FD5DDCC}"
EndProject
Project("{FAE04EC0-301F-11D3-BF4B-00C04F79EFBC}") = "Unity.XR.ARCore.Editor", "Unity.XR.ARCore.Editor.csproj", "{AD61A706-0915-D6C3-1943-FB210F67BB38}"
EndProject
Project("{FAE04EC0-301F-11D3-BF4B-00C04F79EFBC}") = "Unity.VSCode.Editor", "Unity.VSCode.Editor.csproj", "{69499C15-159C-30C5-8FE9-165F73BEE6E8}"
EndProject
Project("{FAE04EC0-301F-11D3-BF4B-00C04F79EFBC}") = "Unity.XR.ARFoundation.Editor", "Unity.XR.ARFoundation.Editor.csproj", "{266AF5BB-F5B2-97C1-4763-CF4DEF82BC4D}"
EndProject
Project("{FAE04EC0-301F-11D3-BF4B-00C04F79EFBC}") = "Unity.XRTools.ModuleLoader.Editor", "Unity.XRTools.ModuleLoader.Editor.csproj", "{AFD31B01-6F58-9CB2-145E-F8D4726AE502}"
EndProject
Project("{FAE04EC0-301F-11D3-BF4B-00C04F79EFBC}") = "Unity.InternalAPIEditorBridge.005", "Unity.InternalAPIEditorBridge.005.csproj", "{C5E9C5CE-FDF0-B082-E546-F06095174959}"
EndProject
Project("{FAE04EC0-301F-11D3-BF4B-00C04F79EFBC}") = "Unity.XR.WindowsMR.Editor", "Unity.XR.WindowsMR.Editor.csproj", "{6AC47F7A-A633-723E-BFD1-DB9857943542}"
EndProject
Project("{FAE04EC0-301F-11D3-BF4B-00C04F79EFBC}") = "UnityEditor.SpatialTracking", "UnityEditor.SpatialTracking.csproj", "{79B4BC3E-DC87-FA39-3F55-D295F2A148FA}"
EndProject
Global
	GlobalSection(SolutionConfigurationPlatforms) = preSolution
		Debug|Any CPU = Debug|Any CPU
		Release|Any CPU = Release|Any CPU
	EndGlobalSection
	GlobalSection(ProjectConfigurationPlatforms) = postSolution
		{3D61EE85-012D-BC4F-A560-6B1AF3D963D4}.Debug|Any CPU.ActiveCfg = Debug|Any CPU
		{3D61EE85-012D-BC4F-A560-6B1AF3D963D4}.Debug|Any CPU.Build.0 = Debug|Any CPU
		{3D61EE85-012D-BC4F-A560-6B1AF3D963D4}.Release|Any CPU.ActiveCfg = Release|Any CPU
		{3D61EE85-012D-BC4F-A560-6B1AF3D963D4}.Release|Any CPU.Build.0 = Release|Any CPU
		{E5F78363-12FA-2D72-0CB8-851C53A7DC56}.Debug|Any CPU.ActiveCfg = Debug|Any CPU
		{E5F78363-12FA-2D72-0CB8-851C53A7DC56}.Debug|Any CPU.Build.0 = Debug|Any CPU
		{E5F78363-12FA-2D72-0CB8-851C53A7DC56}.Release|Any CPU.ActiveCfg = Release|Any CPU
		{E5F78363-12FA-2D72-0CB8-851C53A7DC56}.Release|Any CPU.Build.0 = Release|Any CPU
		{D5D1BE8E-693D-88C0-0270-BDB659C2F11B}.Debug|Any CPU.ActiveCfg = Debug|Any CPU
		{D5D1BE8E-693D-88C0-0270-BDB659C2F11B}.Debug|Any CPU.Build.0 = Debug|Any CPU
		{D5D1BE8E-693D-88C0-0270-BDB659C2F11B}.Release|Any CPU.ActiveCfg = Release|Any CPU
		{D5D1BE8E-693D-88C0-0270-BDB659C2F11B}.Release|Any CPU.Build.0 = Release|Any CPU
		{D55749FD-7D50-8127-3987-9624A952695D}.Debug|Any CPU.ActiveCfg = Debug|Any CPU
		{D55749FD-7D50-8127-3987-9624A952695D}.Debug|Any CPU.Build.0 = Debug|Any CPU
		{D55749FD-7D50-8127-3987-9624A952695D}.Release|Any CPU.ActiveCfg = Release|Any CPU
		{D55749FD-7D50-8127-3987-9624A952695D}.Release|Any CPU.Build.0 = Release|Any CPU
		{6E307933-1C33-3E01-6F55-2F8C7B092972}.Debug|Any CPU.ActiveCfg = Debug|Any CPU
		{6E307933-1C33-3E01-6F55-2F8C7B092972}.Debug|Any CPU.Build.0 = Debug|Any CPU
		{6E307933-1C33-3E01-6F55-2F8C7B092972}.Release|Any CPU.ActiveCfg = Release|Any CPU
		{6E307933-1C33-3E01-6F55-2F8C7B092972}.Release|Any CPU.Build.0 = Release|Any CPU
		{1416CC20-A58C-4974-2A85-AB17E86C290E}.Debug|Any CPU.ActiveCfg = Debug|Any CPU
		{1416CC20-A58C-4974-2A85-AB17E86C290E}.Debug|Any CPU.Build.0 = Debug|Any CPU
		{1416CC20-A58C-4974-2A85-AB17E86C290E}.Release|Any CPU.ActiveCfg = Release|Any CPU
		{1416CC20-A58C-4974-2A85-AB17E86C290E}.Release|Any CPU.Build.0 = Release|Any CPU
		{EE75CD4E-321A-1B35-4C9F-357E4BA5D3DC}.Debug|Any CPU.ActiveCfg = Debug|Any CPU
		{EE75CD4E-321A-1B35-4C9F-357E4BA5D3DC}.Debug|Any CPU.Build.0 = Debug|Any CPU
		{EE75CD4E-321A-1B35-4C9F-357E4BA5D3DC}.Release|Any CPU.ActiveCfg = Release|Any CPU
		{EE75CD4E-321A-1B35-4C9F-357E4BA5D3DC}.Release|Any CPU.Build.0 = Release|Any CPU
		{396351CF-508B-D7C5-E8D9-B6829C6D6550}.Debug|Any CPU.ActiveCfg = Debug|Any CPU
		{396351CF-508B-D7C5-E8D9-B6829C6D6550}.Debug|Any CPU.Build.0 = Debug|Any CPU
		{396351CF-508B-D7C5-E8D9-B6829C6D6550}.Release|Any CPU.ActiveCfg = Release|Any CPU
		{396351CF-508B-D7C5-E8D9-B6829C6D6550}.Release|Any CPU.Build.0 = Release|Any CPU
		{250D27E3-33D8-5E6A-BA49-890CAB4B4B33}.Debug|Any CPU.ActiveCfg = Debug|Any CPU
		{250D27E3-33D8-5E6A-BA49-890CAB4B4B33}.Debug|Any CPU.Build.0 = Debug|Any CPU
		{250D27E3-33D8-5E6A-BA49-890CAB4B4B33}.Release|Any CPU.ActiveCfg = Release|Any CPU
		{250D27E3-33D8-5E6A-BA49-890CAB4B4B33}.Release|Any CPU.Build.0 = Release|Any CPU
		{B41FBFE4-2A3A-DC98-51CD-4CD5591429AF}.Debug|Any CPU.ActiveCfg = Debug|Any CPU
		{B41FBFE4-2A3A-DC98-51CD-4CD5591429AF}.Debug|Any CPU.Build.0 = Debug|Any CPU
		{B41FBFE4-2A3A-DC98-51CD-4CD5591429AF}.Release|Any CPU.ActiveCfg = Release|Any CPU
		{B41FBFE4-2A3A-DC98-51CD-4CD5591429AF}.Release|Any CPU.Build.0 = Release|Any CPU
		{35BA6043-4715-8BDD-825E-D82BA2A367FC}.Debug|Any CPU.ActiveCfg = Debug|Any CPU
		{35BA6043-4715-8BDD-825E-D82BA2A367FC}.Debug|Any CPU.Build.0 = Debug|Any CPU
		{35BA6043-4715-8BDD-825E-D82BA2A367FC}.Release|Any CPU.ActiveCfg = Release|Any CPU
		{35BA6043-4715-8BDD-825E-D82BA2A367FC}.Release|Any CPU.Build.0 = Release|Any CPU
		{C938DAFE-7790-6E3E-915E-7EF76F3E5474}.Debug|Any CPU.ActiveCfg = Debug|Any CPU
		{C938DAFE-7790-6E3E-915E-7EF76F3E5474}.Debug|Any CPU.Build.0 = Debug|Any CPU
		{C938DAFE-7790-6E3E-915E-7EF76F3E5474}.Release|Any CPU.ActiveCfg = Release|Any CPU
		{C938DAFE-7790-6E3E-915E-7EF76F3E5474}.Release|Any CPU.Build.0 = Release|Any CPU
		{29F2CD4F-AEA2-44BD-1CD9-24925E445B7B}.Debug|Any CPU.ActiveCfg = Debug|Any CPU
		{29F2CD4F-AEA2-44BD-1CD9-24925E445B7B}.Debug|Any CPU.Build.0 = Debug|Any CPU
		{29F2CD4F-AEA2-44BD-1CD9-24925E445B7B}.Release|Any CPU.ActiveCfg = Release|Any CPU
		{29F2CD4F-AEA2-44BD-1CD9-24925E445B7B}.Release|Any CPU.Build.0 = Release|Any CPU
		{36BDAD49-D78A-BE80-A2BF-5251995B6B99}.Debug|Any CPU.ActiveCfg = Debug|Any CPU
		{36BDAD49-D78A-BE80-A2BF-5251995B6B99}.Debug|Any CPU.Build.0 = Debug|Any CPU
		{36BDAD49-D78A-BE80-A2BF-5251995B6B99}.Release|Any CPU.ActiveCfg = Release|Any CPU
		{36BDAD49-D78A-BE80-A2BF-5251995B6B99}.Release|Any CPU.Build.0 = Release|Any CPU
		{63B3FB36-35AC-E952-93A3-79E8A80985FB}.Debug|Any CPU.ActiveCfg = Debug|Any CPU
		{63B3FB36-35AC-E952-93A3-79E8A80985FB}.Debug|Any CPU.Build.0 = Debug|Any CPU
		{63B3FB36-35AC-E952-93A3-79E8A80985FB}.Release|Any CPU.ActiveCfg = Release|Any CPU
		{63B3FB36-35AC-E952-93A3-79E8A80985FB}.Release|Any CPU.Build.0 = Release|Any CPU
		{169A7089-03E2-4E18-B669-A1CEC25837A0}.Debug|Any CPU.ActiveCfg = Debug|Any CPU
		{169A7089-03E2-4E18-B669-A1CEC25837A0}.Debug|Any CPU.Build.0 = Debug|Any CPU
		{169A7089-03E2-4E18-B669-A1CEC25837A0}.Release|Any CPU.ActiveCfg = Release|Any CPU
		{169A7089-03E2-4E18-B669-A1CEC25837A0}.Release|Any CPU.Build.0 = Release|Any CPU
		{705603AC-C828-F346-D00D-2B3D5E54AC5A}.Debug|Any CPU.ActiveCfg = Debug|Any CPU
		{705603AC-C828-F346-D00D-2B3D5E54AC5A}.Debug|Any CPU.Build.0 = Debug|Any CPU
		{705603AC-C828-F346-D00D-2B3D5E54AC5A}.Release|Any CPU.ActiveCfg = Release|Any CPU
		{705603AC-C828-F346-D00D-2B3D5E54AC5A}.Release|Any CPU.Build.0 = Release|Any CPU
		{83678A30-7738-5B71-ABB7-DA2142FC705F}.Debug|Any CPU.ActiveCfg = Debug|Any CPU
		{83678A30-7738-5B71-ABB7-DA2142FC705F}.Debug|Any CPU.Build.0 = Debug|Any CPU
		{83678A30-7738-5B71-ABB7-DA2142FC705F}.Release|Any CPU.ActiveCfg = Release|Any CPU
		{83678A30-7738-5B71-ABB7-DA2142FC705F}.Release|Any CPU.Build.0 = Release|Any CPU
		{74171FA7-5D07-0826-B0C2-C67C48570AD9}.Debug|Any CPU.ActiveCfg = Debug|Any CPU
		{74171FA7-5D07-0826-B0C2-C67C48570AD9}.Debug|Any CPU.Build.0 = Debug|Any CPU
		{74171FA7-5D07-0826-B0C2-C67C48570AD9}.Release|Any CPU.ActiveCfg = Release|Any CPU
		{74171FA7-5D07-0826-B0C2-C67C48570AD9}.Release|Any CPU.Build.0 = Release|Any CPU
		{14416683-FEE7-54EB-D8CE-2B8CB6485A01}.Debug|Any CPU.ActiveCfg = Debug|Any CPU
		{14416683-FEE7-54EB-D8CE-2B8CB6485A01}.Debug|Any CPU.Build.0 = Debug|Any CPU
		{14416683-FEE7-54EB-D8CE-2B8CB6485A01}.Release|Any CPU.ActiveCfg = Release|Any CPU
		{14416683-FEE7-54EB-D8CE-2B8CB6485A01}.Release|Any CPU.Build.0 = Release|Any CPU
		{548A20CA-CF5B-8BE3-47C6-EFC2E6D092D6}.Debug|Any CPU.ActiveCfg = Debug|Any CPU
		{548A20CA-CF5B-8BE3-47C6-EFC2E6D092D6}.Debug|Any CPU.Build.0 = Debug|Any CPU
		{548A20CA-CF5B-8BE3-47C6-EFC2E6D092D6}.Release|Any CPU.ActiveCfg = Release|Any CPU
		{548A20CA-CF5B-8BE3-47C6-EFC2E6D092D6}.Release|Any CPU.Build.0 = Release|Any CPU
		{1B4E8EE5-916B-C09E-F2AD-212DFEEB2B55}.Debug|Any CPU.ActiveCfg = Debug|Any CPU
		{1B4E8EE5-916B-C09E-F2AD-212DFEEB2B55}.Debug|Any CPU.Build.0 = Debug|Any CPU
		{1B4E8EE5-916B-C09E-F2AD-212DFEEB2B55}.Release|Any CPU.ActiveCfg = Release|Any CPU
		{1B4E8EE5-916B-C09E-F2AD-212DFEEB2B55}.Release|Any CPU.Build.0 = Release|Any CPU
		{6BCB361E-BEFB-8E05-13A3-D2DC0BCE407D}.Debug|Any CPU.ActiveCfg = Debug|Any CPU
		{6BCB361E-BEFB-8E05-13A3-D2DC0BCE407D}.Debug|Any CPU.Build.0 = Debug|Any CPU
		{6BCB361E-BEFB-8E05-13A3-D2DC0BCE407D}.Release|Any CPU.ActiveCfg = Release|Any CPU
		{6BCB361E-BEFB-8E05-13A3-D2DC0BCE407D}.Release|Any CPU.Build.0 = Release|Any CPU
		{8F001832-DA40-B20E-61DE-82B08651DA09}.Debug|Any CPU.ActiveCfg = Debug|Any CPU
		{8F001832-DA40-B20E-61DE-82B08651DA09}.Debug|Any CPU.Build.0 = Debug|Any CPU
		{8F001832-DA40-B20E-61DE-82B08651DA09}.Release|Any CPU.ActiveCfg = Release|Any CPU
		{8F001832-DA40-B20E-61DE-82B08651DA09}.Release|Any CPU.Build.0 = Release|Any CPU
		{DDC33894-2965-37A7-72D8-47AEC9C3D8B4}.Debug|Any CPU.ActiveCfg = Debug|Any CPU
		{DDC33894-2965-37A7-72D8-47AEC9C3D8B4}.Debug|Any CPU.Build.0 = Debug|Any CPU
		{DDC33894-2965-37A7-72D8-47AEC9C3D8B4}.Release|Any CPU.ActiveCfg = Release|Any CPU
		{DDC33894-2965-37A7-72D8-47AEC9C3D8B4}.Release|Any CPU.Build.0 = Release|Any CPU
		{D5140BFC-9C10-D68F-7591-E67889FB22B3}.Debug|Any CPU.ActiveCfg = Debug|Any CPU
		{D5140BFC-9C10-D68F-7591-E67889FB22B3}.Debug|Any CPU.Build.0 = Debug|Any CPU
		{D5140BFC-9C10-D68F-7591-E67889FB22B3}.Release|Any CPU.ActiveCfg = Release|Any CPU
		{D5140BFC-9C10-D68F-7591-E67889FB22B3}.Release|Any CPU.Build.0 = Release|Any CPU
		{F8BED20C-88F0-6EFD-9453-184AAB7F1315}.Debug|Any CPU.ActiveCfg = Debug|Any CPU
		{F8BED20C-88F0-6EFD-9453-184AAB7F1315}.Debug|Any CPU.Build.0 = Debug|Any CPU
		{F8BED20C-88F0-6EFD-9453-184AAB7F1315}.Release|Any CPU.ActiveCfg = Release|Any CPU
		{F8BED20C-88F0-6EFD-9453-184AAB7F1315}.Release|Any CPU.Build.0 = Release|Any CPU
		{482A772A-67EA-2110-A693-4E24D8CC792D}.Debug|Any CPU.ActiveCfg = Debug|Any CPU
		{482A772A-67EA-2110-A693-4E24D8CC792D}.Debug|Any CPU.Build.0 = Debug|Any CPU
		{482A772A-67EA-2110-A693-4E24D8CC792D}.Release|Any CPU.ActiveCfg = Release|Any CPU
		{482A772A-67EA-2110-A693-4E24D8CC792D}.Release|Any CPU.Build.0 = Release|Any CPU
		{853A8632-E7A6-7687-29DC-BB01D793917A}.Debug|Any CPU.ActiveCfg = Debug|Any CPU
		{853A8632-E7A6-7687-29DC-BB01D793917A}.Debug|Any CPU.Build.0 = Debug|Any CPU
		{853A8632-E7A6-7687-29DC-BB01D793917A}.Release|Any CPU.ActiveCfg = Release|Any CPU
		{853A8632-E7A6-7687-29DC-BB01D793917A}.Release|Any CPU.Build.0 = Release|Any CPU
		{E61A4AB9-8595-CCC6-0D85-669D5432AB06}.Debug|Any CPU.ActiveCfg = Debug|Any CPU
		{E61A4AB9-8595-CCC6-0D85-669D5432AB06}.Debug|Any CPU.Build.0 = Debug|Any CPU
		{E61A4AB9-8595-CCC6-0D85-669D5432AB06}.Release|Any CPU.ActiveCfg = Release|Any CPU
		{E61A4AB9-8595-CCC6-0D85-669D5432AB06}.Release|Any CPU.Build.0 = Release|Any CPU
		{E9908FDD-92B2-1042-F0F2-01D85478BB2A}.Debug|Any CPU.ActiveCfg = Debug|Any CPU
		{E9908FDD-92B2-1042-F0F2-01D85478BB2A}.Debug|Any CPU.Build.0 = Debug|Any CPU
		{E9908FDD-92B2-1042-F0F2-01D85478BB2A}.Release|Any CPU.ActiveCfg = Release|Any CPU
		{E9908FDD-92B2-1042-F0F2-01D85478BB2A}.Release|Any CPU.Build.0 = Release|Any CPU
		{2568E3A7-5D46-1449-810D-4884043CE9E7}.Debug|Any CPU.ActiveCfg = Debug|Any CPU
		{2568E3A7-5D46-1449-810D-4884043CE9E7}.Debug|Any CPU.Build.0 = Debug|Any CPU
		{2568E3A7-5D46-1449-810D-4884043CE9E7}.Release|Any CPU.ActiveCfg = Release|Any CPU
		{2568E3A7-5D46-1449-810D-4884043CE9E7}.Release|Any CPU.Build.0 = Release|Any CPU
		{BB8B9354-9C48-9643-0511-2B19C0518FBC}.Debug|Any CPU.ActiveCfg = Debug|Any CPU
		{BB8B9354-9C48-9643-0511-2B19C0518FBC}.Debug|Any CPU.Build.0 = Debug|Any CPU
		{BB8B9354-9C48-9643-0511-2B19C0518FBC}.Release|Any CPU.ActiveCfg = Release|Any CPU
		{BB8B9354-9C48-9643-0511-2B19C0518FBC}.Release|Any CPU.Build.0 = Release|Any CPU
		{1CA8EF82-037A-2BA5-B997-EB4F8FBBEA04}.Debug|Any CPU.ActiveCfg = Debug|Any CPU
		{1CA8EF82-037A-2BA5-B997-EB4F8FBBEA04}.Debug|Any CPU.Build.0 = Debug|Any CPU
		{1CA8EF82-037A-2BA5-B997-EB4F8FBBEA04}.Release|Any CPU.ActiveCfg = Release|Any CPU
		{1CA8EF82-037A-2BA5-B997-EB4F8FBBEA04}.Release|Any CPU.Build.0 = Release|Any CPU
		{3D3D53E8-3006-637D-F4CA-9EE14F30F294}.Debug|Any CPU.ActiveCfg = Debug|Any CPU
		{3D3D53E8-3006-637D-F4CA-9EE14F30F294}.Debug|Any CPU.Build.0 = Debug|Any CPU
		{3D3D53E8-3006-637D-F4CA-9EE14F30F294}.Release|Any CPU.ActiveCfg = Release|Any CPU
		{3D3D53E8-3006-637D-F4CA-9EE14F30F294}.Release|Any CPU.Build.0 = Release|Any CPU
		{1894C997-3C4E-9296-0E4B-3581562ADF56}.Debug|Any CPU.ActiveCfg = Debug|Any CPU
		{1894C997-3C4E-9296-0E4B-3581562ADF56}.Debug|Any CPU.Build.0 = Debug|Any CPU
		{1894C997-3C4E-9296-0E4B-3581562ADF56}.Release|Any CPU.ActiveCfg = Release|Any CPU
		{1894C997-3C4E-9296-0E4B-3581562ADF56}.Release|Any CPU.Build.0 = Release|Any CPU
		{CA6D2CF3-E67C-E0B8-C609-B2B55116B595}.Debug|Any CPU.ActiveCfg = Debug|Any CPU
		{CA6D2CF3-E67C-E0B8-C609-B2B55116B595}.Debug|Any CPU.Build.0 = Debug|Any CPU
		{CA6D2CF3-E67C-E0B8-C609-B2B55116B595}.Release|Any CPU.ActiveCfg = Release|Any CPU
		{CA6D2CF3-E67C-E0B8-C609-B2B55116B595}.Release|Any CPU.Build.0 = Release|Any CPU
		{F592075E-59FB-64FD-BD45-529CC2C73372}.Debug|Any CPU.ActiveCfg = Debug|Any CPU
		{F592075E-59FB-64FD-BD45-529CC2C73372}.Debug|Any CPU.Build.0 = Debug|Any CPU
		{F592075E-59FB-64FD-BD45-529CC2C73372}.Release|Any CPU.ActiveCfg = Release|Any CPU
		{F592075E-59FB-64FD-BD45-529CC2C73372}.Release|Any CPU.Build.0 = Release|Any CPU
		{23907B7F-5AEE-8641-C505-E63D041D7583}.Debug|Any CPU.ActiveCfg = Debug|Any CPU
		{23907B7F-5AEE-8641-C505-E63D041D7583}.Debug|Any CPU.Build.0 = Debug|Any CPU
		{23907B7F-5AEE-8641-C505-E63D041D7583}.Release|Any CPU.ActiveCfg = Release|Any CPU
		{23907B7F-5AEE-8641-C505-E63D041D7583}.Release|Any CPU.Build.0 = Release|Any CPU
		{DFF6A7CE-8BAF-ABA1-92B5-DF17640F8DF1}.Debug|Any CPU.ActiveCfg = Debug|Any CPU
		{DFF6A7CE-8BAF-ABA1-92B5-DF17640F8DF1}.Debug|Any CPU.Build.0 = Debug|Any CPU
		{DFF6A7CE-8BAF-ABA1-92B5-DF17640F8DF1}.Release|Any CPU.ActiveCfg = Release|Any CPU
		{DFF6A7CE-8BAF-ABA1-92B5-DF17640F8DF1}.Release|Any CPU.Build.0 = Release|Any CPU
		{95435317-7D13-4BF6-10FC-2A930D9E1583}.Debug|Any CPU.ActiveCfg = Debug|Any CPU
		{95435317-7D13-4BF6-10FC-2A930D9E1583}.Debug|Any CPU.Build.0 = Debug|Any CPU
		{95435317-7D13-4BF6-10FC-2A930D9E1583}.Release|Any CPU.ActiveCfg = Release|Any CPU
		{95435317-7D13-4BF6-10FC-2A930D9E1583}.Release|Any CPU.Build.0 = Release|Any CPU
		{C9481BE9-9A4A-BC20-78A1-561CB494BBF7}.Debug|Any CPU.ActiveCfg = Debug|Any CPU
		{C9481BE9-9A4A-BC20-78A1-561CB494BBF7}.Debug|Any CPU.Build.0 = Debug|Any CPU
		{C9481BE9-9A4A-BC20-78A1-561CB494BBF7}.Release|Any CPU.ActiveCfg = Release|Any CPU
		{C9481BE9-9A4A-BC20-78A1-561CB494BBF7}.Release|Any CPU.Build.0 = Release|Any CPU
		{5B38BCDA-109D-1A8C-AC58-41DF808A21A9}.Debug|Any CPU.ActiveCfg = Debug|Any CPU
		{5B38BCDA-109D-1A8C-AC58-41DF808A21A9}.Debug|Any CPU.Build.0 = Debug|Any CPU
		{5B38BCDA-109D-1A8C-AC58-41DF808A21A9}.Release|Any CPU.ActiveCfg = Release|Any CPU
		{5B38BCDA-109D-1A8C-AC58-41DF808A21A9}.Release|Any CPU.Build.0 = Release|Any CPU
		{EFA3504A-4FA7-1C2F-29C2-72F54DC480D6}.Debug|Any CPU.ActiveCfg = Debug|Any CPU
		{EFA3504A-4FA7-1C2F-29C2-72F54DC480D6}.Debug|Any CPU.Build.0 = Debug|Any CPU
		{EFA3504A-4FA7-1C2F-29C2-72F54DC480D6}.Release|Any CPU.ActiveCfg = Release|Any CPU
		{EFA3504A-4FA7-1C2F-29C2-72F54DC480D6}.Release|Any CPU.Build.0 = Release|Any CPU
		{7CA36791-0D6C-20F2-0C1A-EA974C2641EE}.Debug|Any CPU.ActiveCfg = Debug|Any CPU
		{7CA36791-0D6C-20F2-0C1A-EA974C2641EE}.Debug|Any CPU.Build.0 = Debug|Any CPU
		{7CA36791-0D6C-20F2-0C1A-EA974C2641EE}.Release|Any CPU.ActiveCfg = Release|Any CPU
		{7CA36791-0D6C-20F2-0C1A-EA974C2641EE}.Release|Any CPU.Build.0 = Release|Any CPU
		{9E2E555B-9706-1448-DC47-79DA1FD5DDCC}.Debug|Any CPU.ActiveCfg = Debug|Any CPU
		{9E2E555B-9706-1448-DC47-79DA1FD5DDCC}.Debug|Any CPU.Build.0 = Debug|Any CPU
		{9E2E555B-9706-1448-DC47-79DA1FD5DDCC}.Release|Any CPU.ActiveCfg = Release|Any CPU
		{9E2E555B-9706-1448-DC47-79DA1FD5DDCC}.Release|Any CPU.Build.0 = Release|Any CPU
		{AD61A706-0915-D6C3-1943-FB210F67BB38}.Debug|Any CPU.ActiveCfg = Debug|Any CPU
		{AD61A706-0915-D6C3-1943-FB210F67BB38}.Debug|Any CPU.Build.0 = Debug|Any CPU
		{AD61A706-0915-D6C3-1943-FB210F67BB38}.Release|Any CPU.ActiveCfg = Release|Any CPU
		{AD61A706-0915-D6C3-1943-FB210F67BB38}.Release|Any CPU.Build.0 = Release|Any CPU
		{69499C15-159C-30C5-8FE9-165F73BEE6E8}.Debug|Any CPU.ActiveCfg = Debug|Any CPU
		{69499C15-159C-30C5-8FE9-165F73BEE6E8}.Debug|Any CPU.Build.0 = Debug|Any CPU
		{69499C15-159C-30C5-8FE9-165F73BEE6E8}.Release|Any CPU.ActiveCfg = Release|Any CPU
		{69499C15-159C-30C5-8FE9-165F73BEE6E8}.Release|Any CPU.Build.0 = Release|Any CPU
		{266AF5BB-F5B2-97C1-4763-CF4DEF82BC4D}.Debug|Any CPU.ActiveCfg = Debug|Any CPU
		{266AF5BB-F5B2-97C1-4763-CF4DEF82BC4D}.Debug|Any CPU.Build.0 = Debug|Any CPU
		{266AF5BB-F5B2-97C1-4763-CF4DEF82BC4D}.Release|Any CPU.ActiveCfg = Release|Any CPU
		{266AF5BB-F5B2-97C1-4763-CF4DEF82BC4D}.Release|Any CPU.Build.0 = Release|Any CPU
		{AFD31B01-6F58-9CB2-145E-F8D4726AE502}.Debug|Any CPU.ActiveCfg = Debug|Any CPU
		{AFD31B01-6F58-9CB2-145E-F8D4726AE502}.Debug|Any CPU.Build.0 = Debug|Any CPU
		{AFD31B01-6F58-9CB2-145E-F8D4726AE502}.Release|Any CPU.ActiveCfg = Release|Any CPU
		{AFD31B01-6F58-9CB2-145E-F8D4726AE502}.Release|Any CPU.Build.0 = Release|Any CPU
		{C5E9C5CE-FDF0-B082-E546-F06095174959}.Debug|Any CPU.ActiveCfg = Debug|Any CPU
		{C5E9C5CE-FDF0-B082-E546-F06095174959}.Debug|Any CPU.Build.0 = Debug|Any CPU
		{C5E9C5CE-FDF0-B082-E546-F06095174959}.Release|Any CPU.ActiveCfg = Release|Any CPU
		{C5E9C5CE-FDF0-B082-E546-F06095174959}.Release|Any CPU.Build.0 = Release|Any CPU
		{6AC47F7A-A633-723E-BFD1-DB9857943542}.Debug|Any CPU.ActiveCfg = Debug|Any CPU
		{6AC47F7A-A633-723E-BFD1-DB9857943542}.Debug|Any CPU.Build.0 = Debug|Any CPU
		{6AC47F7A-A633-723E-BFD1-DB9857943542}.Release|Any CPU.ActiveCfg = Release|Any CPU
		{6AC47F7A-A633-723E-BFD1-DB9857943542}.Release|Any CPU.Build.0 = Release|Any CPU
		{79B4BC3E-DC87-FA39-3F55-D295F2A148FA}.Debug|Any CPU.ActiveCfg = Debug|Any CPU
		{79B4BC3E-DC87-FA39-3F55-D295F2A148FA}.Debug|Any CPU.Build.0 = Debug|Any CPU
		{79B4BC3E-DC87-FA39-3F55-D295F2A148FA}.Release|Any CPU.ActiveCfg = Release|Any CPU
		{79B4BC3E-DC87-FA39-3F55-D295F2A148FA}.Release|Any CPU.Build.0 = Release|Any CPU
	EndGlobalSection
	GlobalSection(SolutionProperties) = preSolution
		HideSolutionNode = FALSE
	EndGlobalSection
EndGlobal
