
Microsoft Visual Studio Solution File, Format Version 12.00
# Visual Studio 15
Project("{FAE04EC0-301F-11D3-BF4B-00C04F79EFBC}") = "Unity.XR.ARSubsystems", "Unity.XR.ARSubsystems.csproj", "{51745718-390D-CD28-0E60-118FC48ECED4}"
EndProject
Project("{FAE04EC0-301F-11D3-BF4B-00C04F79EFBC}") = "UnityEngine.TestRunner", "UnityEngine.TestRunner.csproj", "{4CEB6F03-4151-4011-7AAD-DCB0D5E371E4}"
EndProject
Project("{FAE04EC0-301F-11D3-BF4B-00C04F79EFBC}") = "Unity.MARS", "Unity.MARS.csproj", "{B49C753D-7F51-0A10-5742-735B5B3F1905}"
EndProject
Project("{FAE04EC0-301F-11D3-BF4B-00C04F79EFBC}") = "Unity.MARS.MARSHandles.Picking", "Unity.MARS.MARSHandles.Picking.csproj", "{8E378111-D0C8-DF97-3F07-0107D656FAF8}"
EndProject
Project("{FAE04EC0-301F-11D3-BF4B-00C04F79EFBC}") = "Unity.XRTools.Utils", "Unity.XRTools.Utils.csproj", "{8E7965BD-6890-BB46-444A-6BB6CCDB9077}"
EndProject
Project("{FAE04EC0-301F-11D3-BF4B-00C04F79EFBC}") = "Assembly-CSharp", "Assembly-CSharp.csproj", "{16B373E5-8312-C878-B998-FC2CF6E3BF6D}"
EndProject
Project("{FAE04EC0-301F-11D3-BF4B-00C04F79EFBC}") = "UnityEngine.UI", "UnityEngine.UI.csproj", "{E9A03B39-0F8A-DAB3-A756-8FA0544DD36D}"
EndProject
Project("{FAE04EC0-301F-11D3-BF4B-00C04F79EFBC}") = "Unity.TextMeshPro", "Unity.TextMeshPro.csproj", "{31724F8C-B92D-660C-9C97-1C9F8802568A}"
EndProject
Project("{FAE04EC0-301F-11D3-BF4B-00C04F79EFBC}") = "Unity.Timeline", "Unity.Timeline.csproj", "{DC5CCCBA-8E2D-253B-AD3C-A0FA934FDCB6}"
EndProject
Project("{FAE04EC0-301F-11D3-BF4B-00C04F79EFBC}") = "Unity.MARS.Providers.ARFoundation", "Unity.MARS.Providers.ARFoundation.csproj", "{B0F6E57E-2F98-3EE2-6A0F-B122BEE50A5F}"
EndProject
Project("{FAE04EC0-301F-11D3-BF4B-00C04F79EFBC}") = "Unity.MARS.Interfaces", "Unity.MARS.Interfaces.csproj", "{D9AC0F33-9668-0750-83DE-9CC6B6C1DE94}"
EndProject
Project("{FAE04EC0-301F-11D3-BF4B-00C04F79EFBC}") = "Unity.XR.ARFoundation", "Unity.XR.ARFoundation.csproj", "{64704644-1686-ADBD-349B-8B5C3AC25EAC}"
EndProject
Project("{FAE04EC0-301F-11D3-BF4B-00C04F79EFBC}") = "Unity.XRTools.ModuleLoader.Interfaces", "Unity.XRTools.ModuleLoader.Interfaces.csproj", "{E65028EE-3A97-491D-E01F-3CB898DDCF09}"
EndProject
Project("{FAE04EC0-301F-11D3-BF4B-00C04F79EFBC}") = "Unity.XR.ARKit", "Unity.XR.ARKit.csproj", "{F6C20038-72CF-D222-4CF1-41C72E484A8B}"
EndProject
Project("{FAE04EC0-301F-11D3-BF4B-00C04F79EFBC}") = "UnityEngine.Advertisements", "UnityEngine.Advertisements.csproj", "{17E9975B-0CC3-E816-2E5F-E9060F097038}"
EndProject
Project("{FAE04EC0-301F-11D3-BF4B-00C04F79EFBC}") = "Unity.Analytics.DataPrivacy", "Unity.Analytics.DataPrivacy.csproj", "{BC493FDD-C932-B69E-3F1D-06F5B0514D97}"
EndProject
Project("{FAE04EC0-301F-11D3-BF4B-00C04F79EFBC}") = "NavMeshComponents", "NavMeshComponents.csproj", "{39E3CED8-4698-38D7-FE6F-E93B25AFC424}"
EndProject
Project("{FAE04EC0-301F-11D3-BF4B-00C04F79EFBC}") = "Unity.MARS.MARSHandles", "Unity.MARS.MARSHandles.csproj", "{C79D1CE9-1A6A-691D-5972-8134711C161C}"
EndProject
Project("{FAE04EC0-301F-11D3-BF4B-00C04F79EFBC}") = "UnityEngine.Monetization", "UnityEngine.Monetization.csproj", "{86CB3859-833D-847F-165F-BF438B2D04CD}"
EndProject
Project("{FAE04EC0-301F-11D3-BF4B-00C04F79EFBC}") = "UnityEngine.XR.LegacyInputHelpers", "UnityEngine.XR.LegacyInputHelpers.csproj", "{C580BCE7-E9CC-E3BC-B149-0F1317BBEAAD}"
EndProject
Project("{FAE04EC0-301F-11D3-BF4B-00C04F79EFBC}") = "Unity.XR.ARCore", "Unity.XR.ARCore.csproj", "{3185D4CD-A21D-5D71-213E-1C5EE2A0DA5A}"
EndProject
Project("{FAE04EC0-301F-11D3-BF4B-00C04F79EFBC}") = "Unity.XR.Management", "Unity.XR.Management.csproj", "{7402A351-9C62-B245-1098-518F5585BDB2}"
EndProject
Project("{FAE04EC0-301F-11D3-BF4B-00C04F79EFBC}") = "Unity.MARS.Navmesh", "Unity.MARS.Navmesh.csproj", "{5B3E4920-59C3-D210-B381-1F197F1B449A}"
EndProject
Project("{FAE04EC0-301F-11D3-BF4B-00C04F79EFBC}") = "Unity.XR.WindowsMR", "Unity.XR.WindowsMR.csproj", "{75662D42-C685-9B5F-95EC-1B1427108E31}"
EndProject
Project("{FAE04EC0-301F-11D3-BF4B-00C04F79EFBC}") = "Unity.Subsystem.Registration", "Unity.Subsystem.Registration.csproj", "{672D5346-2B7A-BDC0-5B1A-F1F04C59788C}"
EndProject
Project("{FAE04EC0-301F-11D3-BF4B-00C04F79EFBC}") = "UnityEngine.SpatialTracking", "UnityEngine.SpatialTracking.csproj", "{DC3EF787-63D6-2039-44C0-62BEF6E2F8D6}"
EndProject
Project("{FAE04EC0-301F-11D3-BF4B-00C04F79EFBC}") = "Unity.XRTools.ModuleLoader", "Unity.XRTools.ModuleLoader.csproj", "{2A1F190C-773B-90FF-F869-BDBB5ADED0A0}"
EndProject
Project("{FAE04EC0-301F-11D3-BF4B-00C04F79EFBC}") = "Unity.TextMeshPro.Editor", "Unity.TextMeshPro.Editor.csproj", "{DAD4718E-54D6-7DBA-3BFC-E6DA0FC02CF5}"
EndProject
Project("{FAE04EC0-301F-11D3-BF4B-00C04F79EFBC}") = "Unity.Timeline.Editor", "Unity.Timeline.Editor.csproj", "{62343B42-E2A9-0C26-165E-A0252C8AEBE2}"
EndProject
Project("{FAE04EC0-301F-11D3-BF4B-00C04F79EFBC}") = "UnityEditor.TestRunner", "UnityEditor.TestRunner.csproj", "{977A5068-BA84-5985-41C8-EBC832F9EEE2}"
EndProject
Project("{FAE04EC0-301F-11D3-BF4B-00C04F79EFBC}") = "Unity.2D.Sprite.Editor", "Unity.2D.Sprite.Editor.csproj", "{42C109F8-C17B-99B1-BB99-129C37AABD07}"
EndProject
Project("{FAE04EC0-301F-11D3-BF4B-00C04F79EFBC}") = "MARS.Editor.Bootstrap", "MARS.Editor.Bootstrap.csproj", "{24EC8FD9-53E4-FB9A-8067-4C3BCD387F1E}"
EndProject
Project("{FAE04EC0-301F-11D3-BF4B-00C04F79EFBC}") = "Unity.Rider.Editor", "Unity.Rider.Editor.csproj", "{53FD96B7-14C2-54BF-E049-C0758C08C075}"
EndProject
Project("{FAE04EC0-301F-11D3-BF4B-00C04F79EFBC}") = "UnityEditor.UI", "UnityEditor.UI.csproj", "{8ED1225A-ACD1-CB04-9B23-3F610CCBDA18}"
EndProject
Project("{FAE04EC0-301F-11D3-BF4B-00C04F79EFBC}") = "Unity.MARS.Editor", "Unity.MARS.Editor.csproj", "{C7106E8E-8E97-B659-5962-6D84C49A625B}"
EndProject
Project("{FAE04EC0-301F-11D3-BF4B-00C04F79EFBC}") = "Assembly-CSharp-Editor", "Assembly-CSharp-Editor.csproj", "{1AF48CE1-19B9-CCA3-E3C0-FDA27AA07AFE}"
EndProject
Project("{FAE04EC0-301F-11D3-BF4B-00C04F79EFBC}") = "NavMeshComponentsEditor", "NavMeshComponentsEditor.csproj", "{23C6D730-3E26-5E1B-9AD3-9C3E6D48FBF4}"
EndProject
Project("{FAE04EC0-301F-11D3-BF4B-00C04F79EFBC}") = "Unity.Mobile.AndroidLogcat.Editor", "Unity.Mobile.AndroidLogcat.Editor.csproj", "{E6A8C38F-0C91-AA75-DC9B-C12CF1F5652A}"
EndProject
Project("{FAE04EC0-301F-11D3-BF4B-00C04F79EFBC}") = "Unity.2D.Tilemap.Editor", "Unity.2D.Tilemap.Editor.csproj", "{083BF7ED-E2A2-CD5E-1469-C43A52B6B702}"
EndProject
Project("{FAE04EC0-301F-11D3-BF4B-00C04F79EFBC}") = "Unity.XR.ARSubsystems.Editor", "Unity.XR.ARSubsystems.Editor.csproj", "{60F4DE4F-CB02-5F4D-457D-D51A7B966401}"
EndProject
Project("{FAE04EC0-301F-11D3-BF4B-00C04F79EFBC}") = "UnityEditor.XR.LegacyInputHelpers", "UnityEditor.XR.LegacyInputHelpers.csproj", "{2D28BCC7-2D63-A877-3331-8072890E2ED9}"
EndProject
Project("{FAE04EC0-301F-11D3-BF4B-00C04F79EFBC}") = "Unity.XR.ARKit.Editor", "Unity.XR.ARKit.Editor.csproj", "{A7E8C440-4DB1-5D20-8C28-E533B28E5E11}"
EndProject
Project("{FAE04EC0-301F-11D3-BF4B-00C04F79EFBC}") = "Unity.XR.Management.Editor", "Unity.XR.Management.Editor.csproj", "{43E71176-3565-BCAC-9EA0-704A07257CFB}"
EndProject
Project("{FAE04EC0-301F-11D3-BF4B-00C04F79EFBC}") = "Unity.CollabProxy.Editor", "Unity.CollabProxy.Editor.csproj", "{E07E1701-528C-6B65-620B-99A2E2658452}"
EndProject
Project("{FAE04EC0-301F-11D3-BF4B-00C04F79EFBC}") = "Unity.XRTools.Utils.Editor", "Unity.XRTools.Utils.Editor.csproj", "{73A5129A-0992-10B5-C76D-B28C97C05E7B}"
EndProject
Project("{FAE04EC0-301F-11D3-BF4B-00C04F79EFBC}") = "Unity.MARS.Providers.ARFoundation.Editor", "Unity.MARS.Providers.ARFoundation.Editor.csproj", "{9BED73F2-470D-AC9C-DEDA-9C5D40FB0584}"
EndProject
Project("{FAE04EC0-301F-11D3-BF4B-00C04F79EFBC}") = "Unity.MARS.HandlesEditor", "Unity.MARS.HandlesEditor.csproj", "{15322751-8874-6E8A-32CA-A2E6F11F9C52}"
EndProject
Project("{FAE04EC0-301F-11D3-BF4B-00C04F79EFBC}") = "Unity.XR.ARCore.Editor", "Unity.XR.ARCore.Editor.csproj", "{FCF7CFC9-8284-0CBE-BF2F-E98BDBC63D1B}"
EndProject
Project("{FAE04EC0-301F-11D3-BF4B-00C04F79EFBC}") = "Unity.VSCode.Editor", "Unity.VSCode.Editor.csproj", "{BB63E0AC-FBFA-2A6F-7875-CECF9A554A5C}"
EndProject
Project("{FAE04EC0-301F-11D3-BF4B-00C04F79EFBC}") = "Unity.XR.ARFoundation.Editor", "Unity.XR.ARFoundation.Editor.csproj", "{E8C6D3B1-0292-F011-E12D-EBAA19D15DA5}"
EndProject
Project("{FAE04EC0-301F-11D3-BF4B-00C04F79EFBC}") = "Unity.XRTools.ModuleLoader.Editor", "Unity.XRTools.ModuleLoader.Editor.csproj", "{E8EE8467-BE91-376D-A89F-E98D9C207796}"
EndProject
Project("{FAE04EC0-301F-11D3-BF4B-00C04F79EFBC}") = "Unity.InternalAPIEditorBridge.005", "Unity.InternalAPIEditorBridge.005.csproj", "{3EA5B18C-C31C-BFB1-D4A2-797BC53F3024}"
EndProject
Project("{FAE04EC0-301F-11D3-BF4B-00C04F79EFBC}") = "Unity.XR.WindowsMR.Editor", "Unity.XR.WindowsMR.Editor.csproj", "{82399419-B3A6-27E7-F191-A91C8562346B}"
EndProject
Project("{FAE04EC0-301F-11D3-BF4B-00C04F79EFBC}") = "UnityEditor.SpatialTracking", "UnityEditor.SpatialTracking.csproj", "{C99A06BB-B0BD-CA46-8398-97F921BC704A}"
EndProject
Global
	GlobalSection(SolutionConfigurationPlatforms) = preSolution
		Debug|Any CPU = Debug|Any CPU
		Release|Any CPU = Release|Any CPU
	EndGlobalSection
	GlobalSection(ProjectConfigurationPlatforms) = postSolution
		{51745718-390D-CD28-0E60-118FC48ECED4}.Debug|Any CPU.ActiveCfg = Debug|Any CPU
		{51745718-390D-CD28-0E60-118FC48ECED4}.Debug|Any CPU.Build.0 = Debug|Any CPU
		{51745718-390D-CD28-0E60-118FC48ECED4}.Release|Any CPU.ActiveCfg = Release|Any CPU
		{51745718-390D-CD28-0E60-118FC48ECED4}.Release|Any CPU.Build.0 = Release|Any CPU
		{4CEB6F03-4151-4011-7AAD-DCB0D5E371E4}.Debug|Any CPU.ActiveCfg = Debug|Any CPU
		{4CEB6F03-4151-4011-7AAD-DCB0D5E371E4}.Debug|Any CPU.Build.0 = Debug|Any CPU
		{4CEB6F03-4151-4011-7AAD-DCB0D5E371E4}.Release|Any CPU.ActiveCfg = Release|Any CPU
		{4CEB6F03-4151-4011-7AAD-DCB0D5E371E4}.Release|Any CPU.Build.0 = Release|Any CPU
		{B49C753D-7F51-0A10-5742-735B5B3F1905}.Debug|Any CPU.ActiveCfg = Debug|Any CPU
		{B49C753D-7F51-0A10-5742-735B5B3F1905}.Debug|Any CPU.Build.0 = Debug|Any CPU
		{B49C753D-7F51-0A10-5742-735B5B3F1905}.Release|Any CPU.ActiveCfg = Release|Any CPU
		{B49C753D-7F51-0A10-5742-735B5B3F1905}.Release|Any CPU.Build.0 = Release|Any CPU
		{8E378111-D0C8-DF97-3F07-0107D656FAF8}.Debug|Any CPU.ActiveCfg = Debug|Any CPU
		{8E378111-D0C8-DF97-3F07-0107D656FAF8}.Debug|Any CPU.Build.0 = Debug|Any CPU
		{8E378111-D0C8-DF97-3F07-0107D656FAF8}.Release|Any CPU.ActiveCfg = Release|Any CPU
		{8E378111-D0C8-DF97-3F07-0107D656FAF8}.Release|Any CPU.Build.0 = Release|Any CPU
		{8E7965BD-6890-BB46-444A-6BB6CCDB9077}.Debug|Any CPU.ActiveCfg = Debug|Any CPU
		{8E7965BD-6890-BB46-444A-6BB6CCDB9077}.Debug|Any CPU.Build.0 = Debug|Any CPU
		{8E7965BD-6890-BB46-444A-6BB6CCDB9077}.Release|Any CPU.ActiveCfg = Release|Any CPU
		{8E7965BD-6890-BB46-444A-6BB6CCDB9077}.Release|Any CPU.Build.0 = Release|Any CPU
		{16B373E5-8312-C878-B998-FC2CF6E3BF6D}.Debug|Any CPU.ActiveCfg = Debug|Any CPU
		{16B373E5-8312-C878-B998-FC2CF6E3BF6D}.Debug|Any CPU.Build.0 = Debug|Any CPU
		{16B373E5-8312-C878-B998-FC2CF6E3BF6D}.Release|Any CPU.ActiveCfg = Release|Any CPU
		{16B373E5-8312-C878-B998-FC2CF6E3BF6D}.Release|Any CPU.Build.0 = Release|Any CPU
		{E9A03B39-0F8A-DAB3-A756-8FA0544DD36D}.Debug|Any CPU.ActiveCfg = Debug|Any CPU
		{E9A03B39-0F8A-DAB3-A756-8FA0544DD36D}.Debug|Any CPU.Build.0 = Debug|Any CPU
		{E9A03B39-0F8A-DAB3-A756-8FA0544DD36D}.Release|Any CPU.ActiveCfg = Release|Any CPU
		{E9A03B39-0F8A-DAB3-A756-8FA0544DD36D}.Release|Any CPU.Build.0 = Release|Any CPU
		{31724F8C-B92D-660C-9C97-1C9F8802568A}.Debug|Any CPU.ActiveCfg = Debug|Any CPU
		{31724F8C-B92D-660C-9C97-1C9F8802568A}.Debug|Any CPU.Build.0 = Debug|Any CPU
		{31724F8C-B92D-660C-9C97-1C9F8802568A}.Release|Any CPU.ActiveCfg = Release|Any CPU
		{31724F8C-B92D-660C-9C97-1C9F8802568A}.Release|Any CPU.Build.0 = Release|Any CPU
		{DC5CCCBA-8E2D-253B-AD3C-A0FA934FDCB6}.Debug|Any CPU.ActiveCfg = Debug|Any CPU
		{DC5CCCBA-8E2D-253B-AD3C-A0FA934FDCB6}.Debug|Any CPU.Build.0 = Debug|Any CPU
		{DC5CCCBA-8E2D-253B-AD3C-A0FA934FDCB6}.Release|Any CPU.ActiveCfg = Release|Any CPU
		{DC5CCCBA-8E2D-253B-AD3C-A0FA934FDCB6}.Release|Any CPU.Build.0 = Release|Any CPU
		{B0F6E57E-2F98-3EE2-6A0F-B122BEE50A5F}.Debug|Any CPU.ActiveCfg = Debug|Any CPU
		{B0F6E57E-2F98-3EE2-6A0F-B122BEE50A5F}.Debug|Any CPU.Build.0 = Debug|Any CPU
		{B0F6E57E-2F98-3EE2-6A0F-B122BEE50A5F}.Release|Any CPU.ActiveCfg = Release|Any CPU
		{B0F6E57E-2F98-3EE2-6A0F-B122BEE50A5F}.Release|Any CPU.Build.0 = Release|Any CPU
		{D9AC0F33-9668-0750-83DE-9CC6B6C1DE94}.Debug|Any CPU.ActiveCfg = Debug|Any CPU
		{D9AC0F33-9668-0750-83DE-9CC6B6C1DE94}.Debug|Any CPU.Build.0 = Debug|Any CPU
		{D9AC0F33-9668-0750-83DE-9CC6B6C1DE94}.Release|Any CPU.ActiveCfg = Release|Any CPU
		{D9AC0F33-9668-0750-83DE-9CC6B6C1DE94}.Release|Any CPU.Build.0 = Release|Any CPU
		{64704644-1686-ADBD-349B-8B5C3AC25EAC}.Debug|Any CPU.ActiveCfg = Debug|Any CPU
		{64704644-1686-ADBD-349B-8B5C3AC25EAC}.Debug|Any CPU.Build.0 = Debug|Any CPU
		{64704644-1686-ADBD-349B-8B5C3AC25EAC}.Release|Any CPU.ActiveCfg = Release|Any CPU
		{64704644-1686-ADBD-349B-8B5C3AC25EAC}.Release|Any CPU.Build.0 = Release|Any CPU
		{E65028EE-3A97-491D-E01F-3CB898DDCF09}.Debug|Any CPU.ActiveCfg = Debug|Any CPU
		{E65028EE-3A97-491D-E01F-3CB898DDCF09}.Debug|Any CPU.Build.0 = Debug|Any CPU
		{E65028EE-3A97-491D-E01F-3CB898DDCF09}.Release|Any CPU.ActiveCfg = Release|Any CPU
		{E65028EE-3A97-491D-E01F-3CB898DDCF09}.Release|Any CPU.Build.0 = Release|Any CPU
		{F6C20038-72CF-D222-4CF1-41C72E484A8B}.Debug|Any CPU.ActiveCfg = Debug|Any CPU
		{F6C20038-72CF-D222-4CF1-41C72E484A8B}.Debug|Any CPU.Build.0 = Debug|Any CPU
		{F6C20038-72CF-D222-4CF1-41C72E484A8B}.Release|Any CPU.ActiveCfg = Release|Any CPU
		{F6C20038-72CF-D222-4CF1-41C72E484A8B}.Release|Any CPU.Build.0 = Release|Any CPU
		{17E9975B-0CC3-E816-2E5F-E9060F097038}.Debug|Any CPU.ActiveCfg = Debug|Any CPU
		{17E9975B-0CC3-E816-2E5F-E9060F097038}.Debug|Any CPU.Build.0 = Debug|Any CPU
		{17E9975B-0CC3-E816-2E5F-E9060F097038}.Release|Any CPU.ActiveCfg = Release|Any CPU
		{17E9975B-0CC3-E816-2E5F-E9060F097038}.Release|Any CPU.Build.0 = Release|Any CPU
		{BC493FDD-C932-B69E-3F1D-06F5B0514D97}.Debug|Any CPU.ActiveCfg = Debug|Any CPU
		{BC493FDD-C932-B69E-3F1D-06F5B0514D97}.Debug|Any CPU.Build.0 = Debug|Any CPU
		{BC493FDD-C932-B69E-3F1D-06F5B0514D97}.Release|Any CPU.ActiveCfg = Release|Any CPU
		{BC493FDD-C932-B69E-3F1D-06F5B0514D97}.Release|Any CPU.Build.0 = Release|Any CPU
		{39E3CED8-4698-38D7-FE6F-E93B25AFC424}.Debug|Any CPU.ActiveCfg = Debug|Any CPU
		{39E3CED8-4698-38D7-FE6F-E93B25AFC424}.Debug|Any CPU.Build.0 = Debug|Any CPU
		{39E3CED8-4698-38D7-FE6F-E93B25AFC424}.Release|Any CPU.ActiveCfg = Release|Any CPU
		{39E3CED8-4698-38D7-FE6F-E93B25AFC424}.Release|Any CPU.Build.0 = Release|Any CPU
		{C79D1CE9-1A6A-691D-5972-8134711C161C}.Debug|Any CPU.ActiveCfg = Debug|Any CPU
		{C79D1CE9-1A6A-691D-5972-8134711C161C}.Debug|Any CPU.Build.0 = Debug|Any CPU
		{C79D1CE9-1A6A-691D-5972-8134711C161C}.Release|Any CPU.ActiveCfg = Release|Any CPU
		{C79D1CE9-1A6A-691D-5972-8134711C161C}.Release|Any CPU.Build.0 = Release|Any CPU
		{86CB3859-833D-847F-165F-BF438B2D04CD}.Debug|Any CPU.ActiveCfg = Debug|Any CPU
		{86CB3859-833D-847F-165F-BF438B2D04CD}.Debug|Any CPU.Build.0 = Debug|Any CPU
		{86CB3859-833D-847F-165F-BF438B2D04CD}.Release|Any CPU.ActiveCfg = Release|Any CPU
		{86CB3859-833D-847F-165F-BF438B2D04CD}.Release|Any CPU.Build.0 = Release|Any CPU
		{C580BCE7-E9CC-E3BC-B149-0F1317BBEAAD}.Debug|Any CPU.ActiveCfg = Debug|Any CPU
		{C580BCE7-E9CC-E3BC-B149-0F1317BBEAAD}.Debug|Any CPU.Build.0 = Debug|Any CPU
		{C580BCE7-E9CC-E3BC-B149-0F1317BBEAAD}.Release|Any CPU.ActiveCfg = Release|Any CPU
		{C580BCE7-E9CC-E3BC-B149-0F1317BBEAAD}.Release|Any CPU.Build.0 = Release|Any CPU
		{3185D4CD-A21D-5D71-213E-1C5EE2A0DA5A}.Debug|Any CPU.ActiveCfg = Debug|Any CPU
		{3185D4CD-A21D-5D71-213E-1C5EE2A0DA5A}.Debug|Any CPU.Build.0 = Debug|Any CPU
		{3185D4CD-A21D-5D71-213E-1C5EE2A0DA5A}.Release|Any CPU.ActiveCfg = Release|Any CPU
		{3185D4CD-A21D-5D71-213E-1C5EE2A0DA5A}.Release|Any CPU.Build.0 = Release|Any CPU
		{7402A351-9C62-B245-1098-518F5585BDB2}.Debug|Any CPU.ActiveCfg = Debug|Any CPU
		{7402A351-9C62-B245-1098-518F5585BDB2}.Debug|Any CPU.Build.0 = Debug|Any CPU
		{7402A351-9C62-B245-1098-518F5585BDB2}.Release|Any CPU.ActiveCfg = Release|Any CPU
		{7402A351-9C62-B245-1098-518F5585BDB2}.Release|Any CPU.Build.0 = Release|Any CPU
		{5B3E4920-59C3-D210-B381-1F197F1B449A}.Debug|Any CPU.ActiveCfg = Debug|Any CPU
		{5B3E4920-59C3-D210-B381-1F197F1B449A}.Debug|Any CPU.Build.0 = Debug|Any CPU
		{5B3E4920-59C3-D210-B381-1F197F1B449A}.Release|Any CPU.ActiveCfg = Release|Any CPU
		{5B3E4920-59C3-D210-B381-1F197F1B449A}.Release|Any CPU.Build.0 = Release|Any CPU
		{75662D42-C685-9B5F-95EC-1B1427108E31}.Debug|Any CPU.ActiveCfg = Debug|Any CPU
		{75662D42-C685-9B5F-95EC-1B1427108E31}.Debug|Any CPU.Build.0 = Debug|Any CPU
		{75662D42-C685-9B5F-95EC-1B1427108E31}.Release|Any CPU.ActiveCfg = Release|Any CPU
		{75662D42-C685-9B5F-95EC-1B1427108E31}.Release|Any CPU.Build.0 = Release|Any CPU
		{672D5346-2B7A-BDC0-5B1A-F1F04C59788C}.Debug|Any CPU.ActiveCfg = Debug|Any CPU
		{672D5346-2B7A-BDC0-5B1A-F1F04C59788C}.Debug|Any CPU.Build.0 = Debug|Any CPU
		{672D5346-2B7A-BDC0-5B1A-F1F04C59788C}.Release|Any CPU.ActiveCfg = Release|Any CPU
		{672D5346-2B7A-BDC0-5B1A-F1F04C59788C}.Release|Any CPU.Build.0 = Release|Any CPU
		{DC3EF787-63D6-2039-44C0-62BEF6E2F8D6}.Debug|Any CPU.ActiveCfg = Debug|Any CPU
		{DC3EF787-63D6-2039-44C0-62BEF6E2F8D6}.Debug|Any CPU.Build.0 = Debug|Any CPU
		{DC3EF787-63D6-2039-44C0-62BEF6E2F8D6}.Release|Any CPU.ActiveCfg = Release|Any CPU
		{DC3EF787-63D6-2039-44C0-62BEF6E2F8D6}.Release|Any CPU.Build.0 = Release|Any CPU
		{2A1F190C-773B-90FF-F869-BDBB5ADED0A0}.Debug|Any CPU.ActiveCfg = Debug|Any CPU
		{2A1F190C-773B-90FF-F869-BDBB5ADED0A0}.Debug|Any CPU.Build.0 = Debug|Any CPU
		{2A1F190C-773B-90FF-F869-BDBB5ADED0A0}.Release|Any CPU.ActiveCfg = Release|Any CPU
		{2A1F190C-773B-90FF-F869-BDBB5ADED0A0}.Release|Any CPU.Build.0 = Release|Any CPU
		{DAD4718E-54D6-7DBA-3BFC-E6DA0FC02CF5}.Debug|Any CPU.ActiveCfg = Debug|Any CPU
		{DAD4718E-54D6-7DBA-3BFC-E6DA0FC02CF5}.Debug|Any CPU.Build.0 = Debug|Any CPU
		{DAD4718E-54D6-7DBA-3BFC-E6DA0FC02CF5}.Release|Any CPU.ActiveCfg = Release|Any CPU
		{DAD4718E-54D6-7DBA-3BFC-E6DA0FC02CF5}.Release|Any CPU.Build.0 = Release|Any CPU
		{62343B42-E2A9-0C26-165E-A0252C8AEBE2}.Debug|Any CPU.ActiveCfg = Debug|Any CPU
		{62343B42-E2A9-0C26-165E-A0252C8AEBE2}.Debug|Any CPU.Build.0 = Debug|Any CPU
		{62343B42-E2A9-0C26-165E-A0252C8AEBE2}.Release|Any CPU.ActiveCfg = Release|Any CPU
		{62343B42-E2A9-0C26-165E-A0252C8AEBE2}.Release|Any CPU.Build.0 = Release|Any CPU
		{977A5068-BA84-5985-41C8-EBC832F9EEE2}.Debug|Any CPU.ActiveCfg = Debug|Any CPU
		{977A5068-BA84-5985-41C8-EBC832F9EEE2}.Debug|Any CPU.Build.0 = Debug|Any CPU
		{977A5068-BA84-5985-41C8-EBC832F9EEE2}.Release|Any CPU.ActiveCfg = Release|Any CPU
		{977A5068-BA84-5985-41C8-EBC832F9EEE2}.Release|Any CPU.Build.0 = Release|Any CPU
		{42C109F8-C17B-99B1-BB99-129C37AABD07}.Debug|Any CPU.ActiveCfg = Debug|Any CPU
		{42C109F8-C17B-99B1-BB99-129C37AABD07}.Debug|Any CPU.Build.0 = Debug|Any CPU
		{42C109F8-C17B-99B1-BB99-129C37AABD07}.Release|Any CPU.ActiveCfg = Release|Any CPU
		{42C109F8-C17B-99B1-BB99-129C37AABD07}.Release|Any CPU.Build.0 = Release|Any CPU
		{24EC8FD9-53E4-FB9A-8067-4C3BCD387F1E}.Debug|Any CPU.ActiveCfg = Debug|Any CPU
		{24EC8FD9-53E4-FB9A-8067-4C3BCD387F1E}.Debug|Any CPU.Build.0 = Debug|Any CPU
		{24EC8FD9-53E4-FB9A-8067-4C3BCD387F1E}.Release|Any CPU.ActiveCfg = Release|Any CPU
		{24EC8FD9-53E4-FB9A-8067-4C3BCD387F1E}.Release|Any CPU.Build.0 = Release|Any CPU
		{53FD96B7-14C2-54BF-E049-C0758C08C075}.Debug|Any CPU.ActiveCfg = Debug|Any CPU
		{53FD96B7-14C2-54BF-E049-C0758C08C075}.Debug|Any CPU.Build.0 = Debug|Any CPU
		{53FD96B7-14C2-54BF-E049-C0758C08C075}.Release|Any CPU.ActiveCfg = Release|Any CPU
		{53FD96B7-14C2-54BF-E049-C0758C08C075}.Release|Any CPU.Build.0 = Release|Any CPU
		{8ED1225A-ACD1-CB04-9B23-3F610CCBDA18}.Debug|Any CPU.ActiveCfg = Debug|Any CPU
		{8ED1225A-ACD1-CB04-9B23-3F610CCBDA18}.Debug|Any CPU.Build.0 = Debug|Any CPU
		{8ED1225A-ACD1-CB04-9B23-3F610CCBDA18}.Release|Any CPU.ActiveCfg = Release|Any CPU
		{8ED1225A-ACD1-CB04-9B23-3F610CCBDA18}.Release|Any CPU.Build.0 = Release|Any CPU
		{C7106E8E-8E97-B659-5962-6D84C49A625B}.Debug|Any CPU.ActiveCfg = Debug|Any CPU
		{C7106E8E-8E97-B659-5962-6D84C49A625B}.Debug|Any CPU.Build.0 = Debug|Any CPU
		{C7106E8E-8E97-B659-5962-6D84C49A625B}.Release|Any CPU.ActiveCfg = Release|Any CPU
		{C7106E8E-8E97-B659-5962-6D84C49A625B}.Release|Any CPU.Build.0 = Release|Any CPU
		{1AF48CE1-19B9-CCA3-E3C0-FDA27AA07AFE}.Debug|Any CPU.ActiveCfg = Debug|Any CPU
		{1AF48CE1-19B9-CCA3-E3C0-FDA27AA07AFE}.Debug|Any CPU.Build.0 = Debug|Any CPU
		{1AF48CE1-19B9-CCA3-E3C0-FDA27AA07AFE}.Release|Any CPU.ActiveCfg = Release|Any CPU
		{1AF48CE1-19B9-CCA3-E3C0-FDA27AA07AFE}.Release|Any CPU.Build.0 = Release|Any CPU
		{23C6D730-3E26-5E1B-9AD3-9C3E6D48FBF4}.Debug|Any CPU.ActiveCfg = Debug|Any CPU
		{23C6D730-3E26-5E1B-9AD3-9C3E6D48FBF4}.Debug|Any CPU.Build.0 = Debug|Any CPU
		{23C6D730-3E26-5E1B-9AD3-9C3E6D48FBF4}.Release|Any CPU.ActiveCfg = Release|Any CPU
		{23C6D730-3E26-5E1B-9AD3-9C3E6D48FBF4}.Release|Any CPU.Build.0 = Release|Any CPU
		{E6A8C38F-0C91-AA75-DC9B-C12CF1F5652A}.Debug|Any CPU.ActiveCfg = Debug|Any CPU
		{E6A8C38F-0C91-AA75-DC9B-C12CF1F5652A}.Debug|Any CPU.Build.0 = Debug|Any CPU
		{E6A8C38F-0C91-AA75-DC9B-C12CF1F5652A}.Release|Any CPU.ActiveCfg = Release|Any CPU
		{E6A8C38F-0C91-AA75-DC9B-C12CF1F5652A}.Release|Any CPU.Build.0 = Release|Any CPU
		{083BF7ED-E2A2-CD5E-1469-C43A52B6B702}.Debug|Any CPU.ActiveCfg = Debug|Any CPU
		{083BF7ED-E2A2-CD5E-1469-C43A52B6B702}.Debug|Any CPU.Build.0 = Debug|Any CPU
		{083BF7ED-E2A2-CD5E-1469-C43A52B6B702}.Release|Any CPU.ActiveCfg = Release|Any CPU
		{083BF7ED-E2A2-CD5E-1469-C43A52B6B702}.Release|Any CPU.Build.0 = Release|Any CPU
		{60F4DE4F-CB02-5F4D-457D-D51A7B966401}.Debug|Any CPU.ActiveCfg = Debug|Any CPU
		{60F4DE4F-CB02-5F4D-457D-D51A7B966401}.Debug|Any CPU.Build.0 = Debug|Any CPU
		{60F4DE4F-CB02-5F4D-457D-D51A7B966401}.Release|Any CPU.ActiveCfg = Release|Any CPU
		{60F4DE4F-CB02-5F4D-457D-D51A7B966401}.Release|Any CPU.Build.0 = Release|Any CPU
		{2D28BCC7-2D63-A877-3331-8072890E2ED9}.Debug|Any CPU.ActiveCfg = Debug|Any CPU
		{2D28BCC7-2D63-A877-3331-8072890E2ED9}.Debug|Any CPU.Build.0 = Debug|Any CPU
		{2D28BCC7-2D63-A877-3331-8072890E2ED9}.Release|Any CPU.ActiveCfg = Release|Any CPU
		{2D28BCC7-2D63-A877-3331-8072890E2ED9}.Release|Any CPU.Build.0 = Release|Any CPU
		{A7E8C440-4DB1-5D20-8C28-E533B28E5E11}.Debug|Any CPU.ActiveCfg = Debug|Any CPU
		{A7E8C440-4DB1-5D20-8C28-E533B28E5E11}.Debug|Any CPU.Build.0 = Debug|Any CPU
		{A7E8C440-4DB1-5D20-8C28-E533B28E5E11}.Release|Any CPU.ActiveCfg = Release|Any CPU
		{A7E8C440-4DB1-5D20-8C28-E533B28E5E11}.Release|Any CPU.Build.0 = Release|Any CPU
		{43E71176-3565-BCAC-9EA0-704A07257CFB}.Debug|Any CPU.ActiveCfg = Debug|Any CPU
		{43E71176-3565-BCAC-9EA0-704A07257CFB}.Debug|Any CPU.Build.0 = Debug|Any CPU
		{43E71176-3565-BCAC-9EA0-704A07257CFB}.Release|Any CPU.ActiveCfg = Release|Any CPU
		{43E71176-3565-BCAC-9EA0-704A07257CFB}.Release|Any CPU.Build.0 = Release|Any CPU
		{E07E1701-528C-6B65-620B-99A2E2658452}.Debug|Any CPU.ActiveCfg = Debug|Any CPU
		{E07E1701-528C-6B65-620B-99A2E2658452}.Debug|Any CPU.Build.0 = Debug|Any CPU
		{E07E1701-528C-6B65-620B-99A2E2658452}.Release|Any CPU.ActiveCfg = Release|Any CPU
		{E07E1701-528C-6B65-620B-99A2E2658452}.Release|Any CPU.Build.0 = Release|Any CPU
		{73A5129A-0992-10B5-C76D-B28C97C05E7B}.Debug|Any CPU.ActiveCfg = Debug|Any CPU
		{73A5129A-0992-10B5-C76D-B28C97C05E7B}.Debug|Any CPU.Build.0 = Debug|Any CPU
		{73A5129A-0992-10B5-C76D-B28C97C05E7B}.Release|Any CPU.ActiveCfg = Release|Any CPU
		{73A5129A-0992-10B5-C76D-B28C97C05E7B}.Release|Any CPU.Build.0 = Release|Any CPU
		{9BED73F2-470D-AC9C-DEDA-9C5D40FB0584}.Debug|Any CPU.ActiveCfg = Debug|Any CPU
		{9BED73F2-470D-AC9C-DEDA-9C5D40FB0584}.Debug|Any CPU.Build.0 = Debug|Any CPU
		{9BED73F2-470D-AC9C-DEDA-9C5D40FB0584}.Release|Any CPU.ActiveCfg = Release|Any CPU
		{9BED73F2-470D-AC9C-DEDA-9C5D40FB0584}.Release|Any CPU.Build.0 = Release|Any CPU
		{15322751-8874-6E8A-32CA-A2E6F11F9C52}.Debug|Any CPU.ActiveCfg = Debug|Any CPU
		{15322751-8874-6E8A-32CA-A2E6F11F9C52}.Debug|Any CPU.Build.0 = Debug|Any CPU
		{15322751-8874-6E8A-32CA-A2E6F11F9C52}.Release|Any CPU.ActiveCfg = Release|Any CPU
		{15322751-8874-6E8A-32CA-A2E6F11F9C52}.Release|Any CPU.Build.0 = Release|Any CPU
		{FCF7CFC9-8284-0CBE-BF2F-E98BDBC63D1B}.Debug|Any CPU.ActiveCfg = Debug|Any CPU
		{FCF7CFC9-8284-0CBE-BF2F-E98BDBC63D1B}.Debug|Any CPU.Build.0 = Debug|Any CPU
		{FCF7CFC9-8284-0CBE-BF2F-E98BDBC63D1B}.Release|Any CPU.ActiveCfg = Release|Any CPU
		{FCF7CFC9-8284-0CBE-BF2F-E98BDBC63D1B}.Release|Any CPU.Build.0 = Release|Any CPU
		{BB63E0AC-FBFA-2A6F-7875-CECF9A554A5C}.Debug|Any CPU.ActiveCfg = Debug|Any CPU
		{BB63E0AC-FBFA-2A6F-7875-CECF9A554A5C}.Debug|Any CPU.Build.0 = Debug|Any CPU
		{BB63E0AC-FBFA-2A6F-7875-CECF9A554A5C}.Release|Any CPU.ActiveCfg = Release|Any CPU
		{BB63E0AC-FBFA-2A6F-7875-CECF9A554A5C}.Release|Any CPU.Build.0 = Release|Any CPU
		{E8C6D3B1-0292-F011-E12D-EBAA19D15DA5}.Debug|Any CPU.ActiveCfg = Debug|Any CPU
		{E8C6D3B1-0292-F011-E12D-EBAA19D15DA5}.Debug|Any CPU.Build.0 = Debug|Any CPU
		{E8C6D3B1-0292-F011-E12D-EBAA19D15DA5}.Release|Any CPU.ActiveCfg = Release|Any CPU
		{E8C6D3B1-0292-F011-E12D-EBAA19D15DA5}.Release|Any CPU.Build.0 = Release|Any CPU
		{E8EE8467-BE91-376D-A89F-E98D9C207796}.Debug|Any CPU.ActiveCfg = Debug|Any CPU
		{E8EE8467-BE91-376D-A89F-E98D9C207796}.Debug|Any CPU.Build.0 = Debug|Any CPU
		{E8EE8467-BE91-376D-A89F-E98D9C207796}.Release|Any CPU.ActiveCfg = Release|Any CPU
		{E8EE8467-BE91-376D-A89F-E98D9C207796}.Release|Any CPU.Build.0 = Release|Any CPU
		{3EA5B18C-C31C-BFB1-D4A2-797BC53F3024}.Debug|Any CPU.ActiveCfg = Debug|Any CPU
		{3EA5B18C-C31C-BFB1-D4A2-797BC53F3024}.Debug|Any CPU.Build.0 = Debug|Any CPU
		{3EA5B18C-C31C-BFB1-D4A2-797BC53F3024}.Release|Any CPU.ActiveCfg = Release|Any CPU
		{3EA5B18C-C31C-BFB1-D4A2-797BC53F3024}.Release|Any CPU.Build.0 = Release|Any CPU
		{82399419-B3A6-27E7-F191-A91C8562346B}.Debug|Any CPU.ActiveCfg = Debug|Any CPU
		{82399419-B3A6-27E7-F191-A91C8562346B}.Debug|Any CPU.Build.0 = Debug|Any CPU
		{82399419-B3A6-27E7-F191-A91C8562346B}.Release|Any CPU.ActiveCfg = Release|Any CPU
		{82399419-B3A6-27E7-F191-A91C8562346B}.Release|Any CPU.Build.0 = Release|Any CPU
		{C99A06BB-B0BD-CA46-8398-97F921BC704A}.Debug|Any CPU.ActiveCfg = Debug|Any CPU
		{C99A06BB-B0BD-CA46-8398-97F921BC704A}.Debug|Any CPU.Build.0 = Debug|Any CPU
		{C99A06BB-B0BD-CA46-8398-97F921BC704A}.Release|Any CPU.ActiveCfg = Release|Any CPU
		{C99A06BB-B0BD-CA46-8398-97F921BC704A}.Release|Any CPU.Build.0 = Release|Any CPU
	EndGlobalSection
	GlobalSection(SolutionProperties) = preSolution
		HideSolutionNode = FALSE
	EndGlobalSection
EndGlobal
