
Microsoft Visual Studio Solution File, Format Version 11.00
# Visual Studio 2010
Project("{FAE04EC0-301F-11D3-BF4B-00C04F79EFBC}") = "Assembly-CSharp", "Assembly-CSharp.csproj", "{31573B19-851F-1DD2-2D71-E530ADABA03B}"
EndProject
Project("{FAE04EC0-301F-11D3-BF4B-00C04F79EFBC}") = "Assembly-CSharp-Editor", "Assembly-CSharp-Editor.csproj", "{9109E543-1406-7607-ABD1-12A5495C3E3B}"
EndProject
Global
	GlobalSection(SolutionConfigurationPlatforms) = preSolution
		Debug|Any CPU = Debug|Any CPU
		Release|Any CPU = Release|Any CPU
	EndGlobalSection
	GlobalSection(ProjectConfigurationPlatforms) = postSolution
		{31573B19-851F-1DD2-2D71-E530ADABA03B}.Debug|Any CPU.ActiveCfg = Debug|Any CPU
		{31573B19-851F-1DD2-2D71-E530ADABA03B}.Debug|Any CPU.Build.0 = Debug|Any CPU
		{31573B19-851F-1DD2-2D71-E530ADABA03B}.Release|Any CPU.ActiveCfg = Release|Any CPU
		{31573B19-851F-1DD2-2D71-E530ADABA03B}.Release|Any CPU.Build.0 = Release|Any CPU
		{9109E543-1406-7607-ABD1-12A5495C3E3B}.Debug|Any CPU.ActiveCfg = Debug|Any CPU
		{9109E543-1406-7607-ABD1-12A5495C3E3B}.Debug|Any CPU.Build.0 = Debug|Any CPU
		{9109E543-1406-7607-ABD1-12A5495C3E3B}.Release|Any CPU.ActiveCfg = Release|Any CPU
		{9109E543-1406-7607-ABD1-12A5495C3E3B}.Release|Any CPU.Build.0 = Release|Any CPU
	EndGlobalSection
	GlobalSection(SolutionProperties) = preSolution
		HideSolutionNode = FALSE
	EndGlobalSection
EndGlobal
