
Microsoft Visual Studio Solution File, Format Version 11.00
# Visual Studio 2010
Project("{FAE04EC0-301F-11D3-BF4B-00C04F79EFBC}") = "Assembly-CSharp", "Assembly-CSharp.csproj", "{EA1F5E6B-8DC7-613F-29E5-D053A9DDF33A}"
EndProject
Project("{FAE04EC0-301F-11D3-BF4B-00C04F79EFBC}") = "Assembly-CSharp-Editor", "Assembly-CSharp-Editor.csproj", "{9AE35EA4-6B47-72D3-154C-A6331886E3B8}"
EndProject
Global
	GlobalSection(SolutionConfigurationPlatforms) = preSolution
		Debug|Any CPU = Debug|Any CPU
		Release|Any CPU = Release|Any CPU
	EndGlobalSection
	GlobalSection(ProjectConfigurationPlatforms) = postSolution
		{EA1F5E6B-8DC7-613F-29E5-D053A9DDF33A}.Debug|Any CPU.ActiveCfg = Debug|Any CPU
		{EA1F5E6B-8DC7-613F-29E5-D053A9DDF33A}.Debug|Any CPU.Build.0 = Debug|Any CPU
		{EA1F5E6B-8DC7-613F-29E5-D053A9DDF33A}.Release|Any CPU.ActiveCfg = Release|Any CPU
		{EA1F5E6B-8DC7-613F-29E5-D053A9DDF33A}.Release|Any CPU.Build.0 = Release|Any CPU
		{9AE35EA4-6B47-72D3-154C-A6331886E3B8}.Debug|Any CPU.ActiveCfg = Debug|Any CPU
		{9AE35EA4-6B47-72D3-154C-A6331886E3B8}.Debug|Any CPU.Build.0 = Debug|Any CPU
		{9AE35EA4-6B47-72D3-154C-A6331886E3B8}.Release|Any CPU.ActiveCfg = Release|Any CPU
		{9AE35EA4-6B47-72D3-154C-A6331886E3B8}.Release|Any CPU.Build.0 = Release|Any CPU
	EndGlobalSection
	GlobalSection(SolutionProperties) = preSolution
		HideSolutionNode = FALSE
	EndGlobalSection
EndGlobal
